
Microsoft Visual Studio Solution File, Format Version 12.00
# Visual Studio 2012
Project("{FAE04EC0-301F-11D3-BF4B-00C04F79EFBC}") = "LinkArchiveToolFrontEnd", "LinkArchiveTool-Front-End\LinkArchiveToolFrontEnd.csproj", "{262012FD-0696-4434-9BF8-F7157C20AADA}"
EndProject
Global
	GlobalSection(SolutionConfigurationPlatforms) = preSolution
		Debug|Any CPU = Debug|Any CPU
		Release|Any CPU = Release|Any CPU
	EndGlobalSection
	GlobalSection(ProjectConfigurationPlatforms) = postSolution
		{262012FD-0696-4434-9BF8-F7157C20AADA}.Debug|Any CPU.ActiveCfg = Debug|Any CPU
		{262012FD-0696-4434-9BF8-F7157C20AADA}.Debug|Any CPU.Build.0 = Debug|Any CPU
		{262012FD-0696-4434-9BF8-F7157C20AADA}.Release|Any CPU.ActiveCfg = Release|Any CPU
		{262012FD-0696-4434-9BF8-F7157C20AADA}.Release|Any CPU.Build.0 = Release|Any CPU
	EndGlobalSection
EndGlobal
