Microsoft Visual Studio Solution File, Format Version 12.00
# Visual Studio 15
VisualStudioVersion = 15.0.26730.8
MinimumVisualStudioVersion = 10.0.40219.1
Project("{9A19103F-16F7-4668-BE54-9A1E7A4F7556}") = "QUVideoLinkArchive", "QUVideoLinkArchive\QUVideoLinkArchive.csproj", "{AA17C1AA-D3DA-4BD2-B038-EA9E609EB00D}"
EndProject
Global
	GlobalSection(SolutionConfigurationPlatforms) = preSolution
		Debug|Any CPU = Debug|Any CPU
		Release|Any CPU = Release|Any CPU
	EndGlobalSection
	GlobalSection(ProjectConfigurationPlatforms) = postSolution
		{AA17C1AA-D3DA-4BD2-B038-EA9E609EB00D}.Debug|Any CPU.ActiveCfg = Debug|Any CPU
		{AA17C1AA-D3DA-4BD2-B038-EA9E609EB00D}.Debug|Any CPU.Build.0 = Debug|Any CPU
		{AA17C1AA-D3DA-4BD2-B038-EA9E609EB00D}.Release|Any CPU.ActiveCfg = Release|Any CPU
		{AA17C1AA-D3DA-4BD2-B038-EA9E609EB00D}.Release|Any CPU.Build.0 = Release|Any CPU
	EndGlobalSection
	GlobalSection(SolutionProperties) = preSolution
		HideSolutionNode = FALSE
	EndGlobalSection
	GlobalSection(ExtensibilityGlobals) = postSolution
		SolutionGuid = {1A811FA3-709C-4522-9957-E0A8A5A0368C}
	EndGlobalSection
EndGlobal
